
Microsoft Visual Studio Solution File, Format Version 12.00
Project("{2150E333-8FDC-42A3-9474-1A3956D46DE8}") = "Introducao", "Introducao", "{7337BF45-ADD4-43F2-A5A4-8BAF3A1D9422}"
EndProject
Project("{FAE04EC0-301F-11D3-BF4B-00C04F79EFBC}") = "CursoEFCore.Aulas", "Introducao\CursoEFCore.Aulas\CursoEFCore.Aulas.csproj", "{5D1B3480-F480-4038-8835-BFDCCE9E9BFD}"
EndProject
Project("{2150E333-8FDC-42A3-9474-1A3956D46DE8}") = "Docker", "Docker", "{EBA58BD2-5100-45FF-A247-3CF3492A1B7D}"
ProjectSection(SolutionItems) = preProject
	Docker\docker-compose.yml = Docker\docker-compose.yml
EndProjectSection
EndProject
Global
	GlobalSection(SolutionConfigurationPlatforms) = preSolution
		Debug|Any CPU = Debug|Any CPU
		Release|Any CPU = Release|Any CPU
	EndGlobalSection
	GlobalSection(ProjectConfigurationPlatforms) = postSolution
		{5D1B3480-F480-4038-8835-BFDCCE9E9BFD}.Debug|Any CPU.ActiveCfg = Debug|Any CPU
		{5D1B3480-F480-4038-8835-BFDCCE9E9BFD}.Debug|Any CPU.Build.0 = Debug|Any CPU
		{5D1B3480-F480-4038-8835-BFDCCE9E9BFD}.Release|Any CPU.ActiveCfg = Release|Any CPU
		{5D1B3480-F480-4038-8835-BFDCCE9E9BFD}.Release|Any CPU.Build.0 = Release|Any CPU
	EndGlobalSection
	GlobalSection(NestedProjects) = preSolution
		{5D1B3480-F480-4038-8835-BFDCCE9E9BFD} = {7337BF45-ADD4-43F2-A5A4-8BAF3A1D9422}
	EndGlobalSection
EndGlobal
